
Microsoft Visual Studio Solution File, Format Version 12.00
# Visual Studio Version 17
VisualStudioVersion = 17.7.34221.43
MinimumVisualStudioVersion = 10.0.40219.1
Project("{FAE04EC0-301F-11D3-BF4B-00C04F79EFBC}") = "UserProfile", "UserProfile\UserProfile.csproj", "{8ED42504-2896-4D03-B1D7-D0FA041EC219}"
EndProject
Project("{FAE04EC0-301F-11D3-BF4B-00C04F79EFBC}") = "Common", "Common\Common.csproj", "{34B6597A-F07D-4774-B766-790076D87532}"
EndProject
Global
	GlobalSection(SolutionConfigurationPlatforms) = preSolution
		Debug|Any CPU = Debug|Any CPU
		Release|Any CPU = Release|Any CPU
	EndGlobalSection
	GlobalSection(ProjectConfigurationPlatforms) = postSolution
		{8ED42504-2896-4D03-B1D7-D0FA041EC219}.Debug|Any CPU.ActiveCfg = Debug|Any CPU
		{8ED42504-2896-4D03-B1D7-D0FA041EC219}.Debug|Any CPU.Build.0 = Debug|Any CPU
		{8ED42504-2896-4D03-B1D7-D0FA041EC219}.Release|Any CPU.ActiveCfg = Release|Any CPU
		{8ED42504-2896-4D03-B1D7-D0FA041EC219}.Release|Any CPU.Build.0 = Release|Any CPU
		{34B6597A-F07D-4774-B766-790076D87532}.Debug|Any CPU.ActiveCfg = Debug|Any CPU
		{34B6597A-F07D-4774-B766-790076D87532}.Debug|Any CPU.Build.0 = Debug|Any CPU
		{34B6597A-F07D-4774-B766-790076D87532}.Release|Any CPU.ActiveCfg = Release|Any CPU
		{34B6597A-F07D-4774-B766-790076D87532}.Release|Any CPU.Build.0 = Release|Any CPU
	EndGlobalSection
	GlobalSection(SolutionProperties) = preSolution
		HideSolutionNode = FALSE
	EndGlobalSection
	GlobalSection(ExtensibilityGlobals) = postSolution
		SolutionGuid = {D7D0B81E-0964-44C9-B62C-504402BB67EF}
	EndGlobalSection
EndGlobal
